Microsoft Visual Studio Solution File, Format Version 12.00
# Visual Studio 15
VisualStudioVersion = 15.0.28010.2050
MinimumVisualStudioVersion = 10.0.40219.1
Project("{FAE04EC0-301F-11D3-BF4B-00C04F79EFBC}") = "OriginStamp.Client", "src\OriginStamp.Client\OriginStamp.Client.csproj", "{60553F2D-5D05-4003-BAB1-1EA21A651F17}"
EndProject
Global
	GlobalSection(SolutionConfigurationPlatforms) = preSolution
		Debug|Any CPU = Debug|Any CPU
		Release|Any CPU = Release|Any CPU
	EndGlobalSection
	GlobalSection(ProjectConfigurationPlatforms) = postSolution
		{60553F2D-5D05-4003-BAB1-1EA21A651F17}.Debug|Any CPU.ActiveCfg = Debug|Any CPU
		{60553F2D-5D05-4003-BAB1-1EA21A651F17}.Debug|Any CPU.Build.0 = Debug|Any CPU
		{60553F2D-5D05-4003-BAB1-1EA21A651F17}.Release|Any CPU.ActiveCfg = Release|Any CPU
		{60553F2D-5D05-4003-BAB1-1EA21A651F17}.Release|Any CPU.Build.0 = Release|Any CPU
	EndGlobalSection
	GlobalSection(SolutionProperties) = preSolution
		HideSolutionNode = FALSE
	EndGlobalSection
	GlobalSection(ExtensibilityGlobals) = postSolution
		SolutionGuid = {768312C5-BDA6-4131-98C2-F61175CFFDC6}
	EndGlobalSection
EndGlobal
